lockfileVersion: '9.0'

settings:
  autoInstallPeers: true
  excludeLinksFromLockfile: false

importers:

  .:
    dependencies:
      '@datastructures-js/priority-queue':
        specifier: 5.3.0
        version: 5.3.0
      '@datastructures-js/queue':
        specifier: ^4.2.4
        version: 4.2.4
      lodash:
        specifier: ^4.17.21
        version: 4.17.21
    devDependencies:
      '@biomejs/biome':
        specifier: 2.2.2
        version: 2.2.2
      husky:
        specifier: ^9.1.7
        version: 9.1.7
      prettier:
        specifier: ^3.6.2
        version: 3.6.2

packages:

  '@biomejs/biome@2.2.2':
    resolution: {integrity: sha512-j1omAiQWCkhuLgwpMKisNKnsM6W8Xtt1l0WZmqY/dFj8QPNkIoTvk4tSsi40FaAAkBE1PU0AFG2RWFBWenAn+w==}
    engines: {node: '>=14.21.3'}
    hasBin: true

  '@biomejs/cli-darwin-arm64@2.2.2':
    resolution: {integrity: sha512-6ePfbCeCPryWu0CXlzsWNZgVz/kBEvHiPyNpmViSt6A2eoDf4kXs3YnwQPzGjy8oBgQulrHcLnJL0nkCh80mlQ==}
    engines: {node: '>=14.21.3'}
    cpu: [arm64]
    os: [darwin]

  '@biomejs/cli-darwin-x64@2.2.2':
    resolution: {integrity: sha512-Tn4JmVO+rXsbRslml7FvKaNrlgUeJot++FkvYIhl1OkslVCofAtS35MPlBMhXgKWF9RNr9cwHanrPTUUXcYGag==}
    engines: {node: '>=14.21.3'}
    cpu: [x64]
    os: [darwin]

  '@biomejs/cli-linux-arm64-musl@2.2.2':
    resolution: {integrity: sha512-/MhYg+Bd6renn6i1ylGFL5snYUn/Ct7zoGVKhxnro3bwekiZYE8Kl39BSb0MeuqM+72sThkQv4TnNubU9njQRw==}
    engines: {node: '>=14.21.3'}
    cpu: [arm64]
    os: [linux]
    libc: [musl]

  '@biomejs/cli-linux-arm64@2.2.2':
    resolution: {integrity: sha512-JfrK3gdmWWTh2J5tq/rcWCOsImVyzUnOS2fkjhiYKCQ+v8PqM+du5cfB7G1kXas+7KQeKSWALv18iQqdtIMvzw==}
    engines: {node: '>=14.21.3'}
    cpu: [arm64]
    os: [linux]
    libc: [glibc]

  '@biomejs/cli-linux-x64-musl@2.2.2':
    resolution: {integrity: sha512-ZCLXcZvjZKSiRY/cFANKg+z6Fhsf9MHOzj+NrDQcM+LbqYRT97LyCLWy2AS+W2vP+i89RyRM+kbGpUzbRTYWig==}
    engines: {node: '>=14.21.3'}
    cpu: [x64]
    os: [linux]
    libc: [musl]

  '@biomejs/cli-linux-x64@2.2.2':
    resolution: {integrity: sha512-Ogb+77edO5LEP/xbNicACOWVLt8mgC+E1wmpUakr+O4nKwLt9vXe74YNuT3T1dUBxC/SnrVmlzZFC7kQJEfquQ==}
    engines: {node: '>=14.21.3'}
    cpu: [x64]
    os: [linux]
    libc: [glibc]

  '@biomejs/cli-win32-arm64@2.2.2':
    resolution: {integrity: sha512-wBe2wItayw1zvtXysmHJQoQqXlTzHSpQRyPpJKiNIR21HzH/CrZRDFic1C1jDdp+zAPtqhNExa0owKMbNwW9cQ==}
    engines: {node: '>=14.21.3'}
    cpu: [arm64]
    os: [win32]

  '@biomejs/cli-win32-x64@2.2.2':
    resolution: {integrity: sha512-DAuHhHekGfiGb6lCcsT4UyxQmVwQiBCBUMwVra/dcOSs9q8OhfaZgey51MlekT3p8UwRqtXQfFuEJBhJNdLZwg==}
    engines: {node: '>=14.21.3'}
    cpu: [x64]
    os: [win32]

  '@datastructures-js/heap@3.2.0':
    resolution: {integrity: sha512-FcU5ZAyb+VIOZz1HABsJUsbJi2ZyUDO7aoe97hq4d3tK3z8nMgwdxf5bO0gafR0ExFi18YTspntqHLzt4XOgnA==}

  '@datastructures-js/priority-queue@5.3.0':
    resolution: {integrity: sha512-0Dl0UooE9Uzz85qBP46HTjQHS5GN7NMNluN5/nMfxQAndG/1eNBJpBntLGT5QJarvMO3poLNBJzA3S4GPajp+w==}

  '@datastructures-js/queue@4.2.4':
    resolution: {integrity: sha512-bSXv8lxmQA6xqW2U0CJLRAGB5x9SWkIM9KeuKCemdN+TlqACD2VwI5f6a/smwqbWuv/3JibWO4c0hJuPSxO61Q==}

  husky@9.1.7:
    resolution: {integrity: sha512-5gs5ytaNjBrh5Ow3zrvdUUY+0VxIuWVL4i9irt6friV+BqdCfmV11CQTWMiBYWHbXhco+J1kHfTOUkePhCDvMA==}
    engines: {node: '>=18'}
    hasBin: true

  lodash@4.17.21:
    resolution: {integrity: sha512-v2kDEe57lecTulaDIuNTPy3Ry4gLGJ6Z1O3vE1krgXZNrsQ+LFTGHVxVjcXPs17LhbZVGedAJv8XZ1tvj5FvSg==}

  prettier@3.6.2:
    resolution: {integrity: sha512-I7AIg5boAr5R0FFtJ6rCfD+LFsWHp81dolrFD8S79U9tb8Az2nGrJncnMSnys+bpQJfRUzqs9hnA81OAA3hCuQ==}
    engines: {node: '>=14'}
    hasBin: true

snapshots:

  '@biomejs/biome@2.2.2':
    optionalDependencies:
      '@biomejs/cli-darwin-arm64': 2.2.2
      '@biomejs/cli-darwin-x64': 2.2.2
      '@biomejs/cli-linux-arm64': 2.2.2
      '@biomejs/cli-linux-arm64-musl': 2.2.2
      '@biomejs/cli-linux-x64': 2.2.2
      '@biomejs/cli-linux-x64-musl': 2.2.2
      '@biomejs/cli-win32-arm64': 2.2.2
      '@biomejs/cli-win32-x64': 2.2.2

  '@biomejs/cli-darwin-arm64@2.2.2':
    optional: true

  '@biomejs/cli-darwin-x64@2.2.2':
    optional: true

  '@biomejs/cli-linux-arm64-musl@2.2.2':
    optional: true

  '@biomejs/cli-linux-arm64@2.2.2':
    optional: true

  '@biomejs/cli-linux-x64-musl@2.2.2':
    optional: true

  '@biomejs/cli-linux-x64@2.2.2':
    optional: true

  '@biomejs/cli-win32-arm64@2.2.2':
    optional: true

  '@biomejs/cli-win32-x64@2.2.2':
    optional: true

  '@datastructures-js/heap@3.2.0': {}

  '@datastructures-js/priority-queue@5.3.0':
    dependencies:
      '@datastructures-js/heap': 3.2.0

  '@datastructures-js/queue@4.2.4': {}

  husky@9.1.7: {}

  lodash@4.17.21: {}

  prettier@3.6.2: {}
